
Microsoft Visual Studio Solution File, Format Version 12.00
# Visual Studio 15
VisualStudioVersion = 15.0.27428.2043
MinimumVisualStudioVersion = 10.0.40219.1
Project("{FAE04EC0-301F-11D3-BF4B-00C04F79EFBC}") = "WebshopCoreTT", "WebshopCoreTT\WebshopCoreTT.csproj", "{934F7C06-F50F-42F1-B670-3EC36602F347}"
EndProject
Global
	GlobalSection(SolutionConfigurationPlatforms) = preSolution
		Debug|Any CPU = Debug|Any CPU
		Release|Any CPU = Release|Any CPU
	EndGlobalSection
	GlobalSection(ProjectConfigurationPlatforms) = postSolution
		{934F7C06-F50F-42F1-B670-3EC36602F347}.Debug|Any CPU.ActiveCfg = Debug|Any CPU
		{934F7C06-F50F-42F1-B670-3EC36602F347}.Debug|Any CPU.Build.0 = Debug|Any CPU
		{934F7C06-F50F-42F1-B670-3EC36602F347}.Release|Any CPU.ActiveCfg = Release|Any CPU
		{934F7C06-F50F-42F1-B670-3EC36602F347}.Release|Any CPU.Build.0 = Release|Any CPU
	EndGlobalSection
	GlobalSection(SolutionProperties) = preSolution
		HideSolutionNode = FALSE
	EndGlobalSection
	GlobalSection(ExtensibilityGlobals) = postSolution
		SolutionGuid = {68B261A5-5B4E-4153-85B6-AA26F5929AF4}
	EndGlobalSection
EndGlobal
